// !$*UTF8*$!
{
	archiveVersion = 1;
	classes = {
	};
	objectVersion = 56;
	objects = {

/* Begin PBXBuildFile section */
		3C2B89302C09F06A0069CCA6 /* MyGalleryApp.swift in Sources */ = {isa = PBXBuildFile; fileRef = 3C2B892F2C09F06A0069CCA6 /* MyGalleryApp.swift */; };
		3C2B89322C09F06A0069CCA6 /* ContentView.swift in Sources */ = {isa = PBXBuildFile; fileRef = 3C2B89312C09F06A0069CCA6 /* ContentView.swift */; };
		3C2B89342C09F06B0069CCA6 /* Assets.xcassets in Resources */ = {isa = PBXBuildFile; fileRef = 3C2B89332C09F06B0069CCA6 /* Assets.xcassets */; };
		3C2B89372C09F06B0069CCA6 /* Preview Assets.xcassets in Resources */ = {isa = PBXBuildFile; fileRef = 3C2B89362C09F06B0069CCA6 /* Preview Assets.xcassets */; };
		3C2B893F2C09F9BA0069CCA6 /* PhotoObject.swift in Sources */ = {isa = PBXBuildFile; fileRef = 3C2B893E2C09F9BA0069CCA6 /* PhotoObject.swift */; };
		3C6745312C0C960E0036BD42 /* HTTPMethod.swift in Sources */ = {isa = PBXBuildFile; fileRef = 3C6745302C0C960E0036BD42 /* HTTPMethod.swift */; };
		3C6745332C0C98CB0036BD42 /* APIError.swift in Sources */ = {isa = PBXBuildFile; fileRef = 3C6745322C0C98CB0036BD42 /* APIError.swift */; };
		3C67453C2C0C9E4B0036BD42 /* UnsplashAPI.swift in Sources */ = {isa = PBXBuildFile; fileRef = 3C67453B2C0C9E4B0036BD42 /* UnsplashAPI.swift */; };
		3CD839A22C0F1F3D005BC2F0 /* Requestable.swift in Sources */ = {isa = PBXBuildFile; fileRef = 3CD839A12C0F1F3D005BC2F0 /* Requestable.swift */; };
		3CD839A42C0F1F9B005BC2F0 /* Responsable.swift in Sources */ = {isa = PBXBuildFile; fileRef = 3CD839A32C0F1F9B005BC2F0 /* Responsable.swift */; };
		3CD839A72C0F23FC005BC2F0 /* Encodable+.swift in Sources */ = {isa = PBXBuildFile; fileRef = 3CD839A62C0F23FC005BC2F0 /* Encodable+.swift */; };
		3CD839A92C0F26DA005BC2F0 /* URLError.swift in Sources */ = {isa = PBXBuildFile; fileRef = 3CD839A82C0F26DA005BC2F0 /* URLError.swift */; };
		3CD839AB2C0F3066005BC2F0 /* Endpoint.swift in Sources */ = {isa = PBXBuildFile; fileRef = 3CD839AA2C0F3066005BC2F0 /* Endpoint.swift */; };
		3CD839AD2C0F3138005BC2F0 /* Provider.swift in Sources */ = {isa = PBXBuildFile; fileRef = 3CD839AC2C0F3138005BC2F0 /* Provider.swift */; };
		3CD839AF2C0F5B08005BC2F0 /* ProviderImpl.swift in Sources */ = {isa = PBXBuildFile; fileRef = 3CD839AE2C0F5B08005BC2F0 /* ProviderImpl.swift */; };
/* End PBXBuildFile section */

/* Begin PBXFileReference section */
		3C2B892C2C09F06A0069CCA6 /* MyGallery.app */ = {isa = PBXFileReference; explicitFileType = wrapper.application; includeInIndex = 0; path = MyGallery.app; sourceTree = BUILT_PRODUCTS_DIR; };
		3C2B892F2C09F06A0069CCA6 /* MyGalleryApp.swift */ = {isa = PBXFileReference; lastKnownFileType = sourcecode.swift; path = MyGalleryApp.swift; sourceTree = "<group>"; };
		3C2B89312C09F06A0069CCA6 /* ContentView.swift */ = {isa = PBXFileReference; lastKnownFileType = sourcecode.swift; path = ContentView.swift; sourceTree = "<group>"; };
		3C2B89332C09F06B0069CCA6 /* Assets.xcassets */ = {isa = PBXFileReference; lastKnownFileType = folder.assetcatalog; path = Assets.xcassets; sourceTree = "<group>"; };
		3C2B89362C09F06B0069CCA6 /* Preview Assets.xcassets */ = {isa = PBXFileReference; lastKnownFileType = folder.assetcatalog; path = "Preview Assets.xcassets"; sourceTree = "<group>"; };
		3C2B893E2C09F9BA0069CCA6 /* PhotoObject.swift */ = {isa = PBXFileReference; lastKnownFileType = sourcecode.swift; path = PhotoObject.swift; sourceTree = "<group>"; };
		3C6745302C0C960E0036BD42 /* HTTPMethod.swift */ = {isa = PBXFileReference; lastKnownFileType = sourcecode.swift; path = HTTPMethod.swift; sourceTree = "<group>"; };
		3C6745322C0C98CB0036BD42 /* APIError.swift */ = {isa = PBXFileReference; lastKnownFileType = sourcecode.swift; path = APIError.swift; sourceTree = "<group>"; };
		3C67453B2C0C9E4B0036BD42 /* UnsplashAPI.swift */ = {isa = PBXFileReference; lastKnownFileType = sourcecode.swift; path = UnsplashAPI.swift; sourceTree = "<group>"; };
		3CD8399F2C0DD5FE005BC2F0 /* APIKey.xcconfig */ = {isa = PBXFileReference; lastKnownFileType = text.xcconfig; path = APIKey.xcconfig; sourceTree = "<group>"; };
		3CD839A02C0DD66C005BC2F0 /* Info.plist */ = {isa = PBXFileReference; lastKnownFileType = text.plist; path = Info.plist; sourceTree = "<group>"; };
		3CD839A12C0F1F3D005BC2F0 /* Requestable.swift */ = {isa = PBXFileReference; lastKnownFileType = sourcecode.swift; path = Requestable.swift; sourceTree = "<group>"; };
		3CD839A32C0F1F9B005BC2F0 /* Responsable.swift */ = {isa = PBXFileReference; lastKnownFileType = sourcecode.swift; path = Responsable.swift; sourceTree = "<group>"; };
		3CD839A62C0F23FC005BC2F0 /* Encodable+.swift */ = {isa = PBXFileReference; lastKnownFileType = sourcecode.swift; path = "Encodable+.swift"; sourceTree = "<group>"; };
		3CD839A82C0F26DA005BC2F0 /* URLError.swift */ = {isa = PBXFileReference; lastKnownFileType = sourcecode.swift; path = URLError.swift; sourceTree = "<group>"; };
		3CD839AA2C0F3066005BC2F0 /* Endpoint.swift */ = {isa = PBXFileReference; lastKnownFileType = sourcecode.swift; path = Endpoint.swift; sourceTree = "<group>"; };
		3CD839AC2C0F3138005BC2F0 /* Provider.swift */ = {isa = PBXFileReference; lastKnownFileType = sourcecode.swift; path = Provider.swift; sourceTree = "<group>"; };
		3CD839AE2C0F5B08005BC2F0 /* ProviderImpl.swift */ = {isa = PBXFileReference; lastKnownFileType = sourcecode.swift; path = ProviderImpl.swift; sourceTree = "<group>"; };
/* End PBXFileReference section */

/* Begin PBXFrameworksBuildPhase section */
		3C2B89292C09F06A0069CCA6 /* Frameworks */ = {
			isa = PBXFrameworksBuildPhase;
			buildActionMask = 2147483647;
			files = (
			);
			runOnlyForDeploymentPostprocessing = 0;
		};
/* End PBXFrameworksBuildPhase section */

/* Begin PBXGroup section */
		3C2B89232C09F06A0069CCA6 = {
			isa = PBXGroup;
			children = (
				3C2B892E2C09F06A0069CCA6 /* MyGallery */,
				3C2B892D2C09F06A0069CCA6 /* Products */,
			);
			sourceTree = "<group>";
		};
		3C2B892D2C09F06A0069CCA6 /* Products */ = {
			isa = PBXGroup;
			children = (
				3C2B892C2C09F06A0069CCA6 /* MyGallery.app */,
			);
			name = Products;
			sourceTree = "<group>";
		};
		3C2B892E2C09F06A0069CCA6 /* MyGallery */ = {
			isa = PBXGroup;
			children = (
				3C2B892F2C09F06A0069CCA6 /* MyGalleryApp.swift */,
				3C2B89312C09F06A0069CCA6 /* ContentView.swift */,
				3C2B893D2C09F9A00069CCA6 /* Network */,
				3CD839A52C0F23D1005BC2F0 /* Extensions */,
				3CD8399F2C0DD5FE005BC2F0 /* APIKey.xcconfig */,
				3CD839A02C0DD66C005BC2F0 /* Info.plist */,
				3C2B89332C09F06B0069CCA6 /* Assets.xcassets */,
				3C2B89352C09F06B0069CCA6 /* Preview Content */,
			);
			path = MyGallery;
			sourceTree = "<group>";
		};
		3C2B89352C09F06B0069CCA6 /* Preview Content */ = {
			isa = PBXGroup;
			children = (
				3C2B89362C09F06B0069CCA6 /* Preview Assets.xcassets */,
			);
			path = "Preview Content";
			sourceTree = "<group>";
		};
		3C2B893D2C09F9A00069CCA6 /* Network */ = {
			isa = PBXGroup;
			children = (
				3C67452F2C0C95EB0036BD42 /* NetworkLayer */,
			);
			path = Network;
			sourceTree = "<group>";
		};
		3C67452E2C0C94250036BD42 /* DTO */ = {
			isa = PBXGroup;
			children = (
				3C2B893E2C09F9BA0069CCA6 /* PhotoObject.swift */,
			);
			path = DTO;
			sourceTree = "<group>";
		};
		3C67452F2C0C95EB0036BD42 /* NetworkLayer */ = {
			isa = PBXGroup;
			children = (
				3C67452E2C0C94250036BD42 /* DTO */,
				3C6745302C0C960E0036BD42 /* HTTPMethod.swift */,
				3C6745342C0C98CF0036BD42 /* Error */,
				3C67453A2C0C9E130036BD42 /* Endpoint */,
				3C6745352C0C9AD70036BD42 /* Provider */,
			);
			path = NetworkLayer;
			sourceTree = "<group>";
		};
		3C6745342C0C98CF0036BD42 /* Error */ = {
			isa = PBXGroup;
			children = (
				3C6745322C0C98CB0036BD42 /* APIError.swift */,
				3CD839A82C0F26DA005BC2F0 /* URLError.swift */,
			);
			path = Error;
			sourceTree = "<group>";
		};
		3C6745352C0C9AD70036BD42 /* Provider */ = {
			isa = PBXGroup;
			children = (
				3CD839AC2C0F3138005BC2F0 /* Provider.swift */,
				3CD839AE2C0F5B08005BC2F0 /* ProviderImpl.swift */,
			);
			path = Provider;
			sourceTree = "<group>";
		};
		3C67453A2C0C9E130036BD42 /* Endpoint */ = {
			isa = PBXGroup;
			children = (
				3C67453B2C0C9E4B0036BD42 /* UnsplashAPI.swift */,
				3CD839A12C0F1F3D005BC2F0 /* Requestable.swift */,
				3CD839A32C0F1F9B005BC2F0 /* Responsable.swift */,
				3CD839AA2C0F3066005BC2F0 /* Endpoint.swift */,
			);
			path = Endpoint;
			sourceTree = "<group>";
		};
		3CD839A52C0F23D1005BC2F0 /* Extensions */ = {
			isa = PBXGroup;
			children = (
				3CD839A62C0F23FC005BC2F0 /* Encodable+.swift */,
			);
			path = Extensions;
			sourceTree = "<group>";
		};
/* End PBXGroup section */

/* Begin PBXNativeTarget section */
		3C2B892B2C09F06A0069CCA6 /* MyGallery */ = {
			isa = PBXNativeTarget;
			buildConfigurationList = 3C2B893A2C09F06B0069CCA6 /* Build configuration list for PBXNativeTarget "MyGallery" */;
			buildPhases = (
				3C2B89282C09F06A0069CCA6 /* Sources */,
				3C2B89292C09F06A0069CCA6 /* Frameworks */,
				3C2B892A2C09F06A0069CCA6 /* Resources */,
			);
			buildRules = (
			);
			dependencies = (
			);
			name = MyGallery;
			productName = MyGallery;
			productReference = 3C2B892C2C09F06A0069CCA6 /* MyGallery.app */;
			productType = "com.apple.product-type.application";
		};
/* End PBXNativeTarget section */

/* Begin PBXProject section */
		3C2B89242C09F06A0069CCA6 /* Project object */ = {
			isa = PBXProject;
			attributes = {
				BuildIndependentTargetsInParallel = 1;
				LastSwiftUpdateCheck = 1540;
				LastUpgradeCheck = 1540;
				TargetAttributes = {
					3C2B892B2C09F06A0069CCA6 = {
						CreatedOnToolsVersion = 15.4;
					};
				};
			};
			buildConfigurationList = 3C2B89272C09F06A0069CCA6 /* Build configuration list for PBXProject "MyGallery" */;
			compatibilityVersion = "Xcode 14.0";
			developmentRegion = en;
			hasScannedForEncodings = 0;
			knownRegions = (
				en,
				Base,
			);
			mainGroup = 3C2B89232C09F06A0069CCA6;
			productRefGroup = 3C2B892D2C09F06A0069CCA6 /* Products */;
			projectDirPath = "";
			projectRoot = "";
			targets = (
				3C2B892B2C09F06A0069CCA6 /* MyGallery */,
			);
		};
/* End PBXProject section */

/* Begin PBXResourcesBuildPhase section */
		3C2B892A2C09F06A0069CCA6 /* Resources */ = {
			isa = PBXResourcesBuildPhase;
			buildActionMask = 2147483647;
			files = (
				3C2B89372C09F06B0069CCA6 /* Preview Assets.xcassets in Resources */,
				3C2B89342C09F06B0069CCA6 /* Assets.xcassets in Resources */,
			);
			runOnlyForDeploymentPostprocessing = 0;
		};
/* End PBXResourcesBuildPhase section */

/* Begin PBXSourcesBuildPhase section */
		3C2B89282C09F06A0069CCA6 /* Sources */ = {
			isa = PBXSourcesBuildPhase;
			buildActionMask = 2147483647;
			files = (
				3C6745312C0C960E0036BD42 /* HTTPMethod.swift in Sources */,
				3CD839AD2C0F3138005BC2F0 /* Provider.swift in Sources */,
				3CD839A92C0F26DA005BC2F0 /* URLError.swift in Sources */,
				3CD839AB2C0F3066005BC2F0 /* Endpoint.swift in Sources */,
				3C2B893F2C09F9BA0069CCA6 /* PhotoObject.swift in Sources */,
				3CD839A22C0F1F3D005BC2F0 /* Requestable.swift in Sources */,
				3C2B89322C09F06A0069CCA6 /* ContentView.swift in Sources */,
				3CD839A72C0F23FC005BC2F0 /* Encodable+.swift in Sources */,
				3C67453C2C0C9E4B0036BD42 /* UnsplashAPI.swift in Sources */,
				3CD839AF2C0F5B08005BC2F0 /* ProviderImpl.swift in Sources */,
				3C6745332C0C98CB0036BD42 /* APIError.swift in Sources */,
				3C2B89302C09F06A0069CCA6 /* MyGalleryApp.swift in Sources */,
				3CD839A42C0F1F9B005BC2F0 /* Responsable.swift in Sources */,
			);
			runOnlyForDeploymentPostprocessing = 0;
		};
/* End PBXSourcesBuildPhase section */

/* Begin XCBuildConfiguration section */
		3C2B89382C09F06B0069CCA6 /* Debug */ = {
			isa = XCBuildConfiguration;
			buildSettings = {
				ALWAYS_SEARCH_USER_PATHS = NO;
				ASSETCATALOG_COMPILER_GENERATE_SWIFT_ASSET_SYMBOL_EXTENSIONS = YES;
				CLANG_ANALYZER_NONNULL = YES;
				CLANG_ANALYZER_NUMBER_OBJECT_CONVERSION = YES_AGGRESSIVE;
				CLANG_CXX_LANGUAGE_STANDARD = "gnu++20";
				CLANG_ENABLE_MODULES = YES;
				CLANG_ENABLE_OBJC_ARC = YES;
				CLANG_ENABLE_OBJC_WEAK = YES;
				CLANG_WARN_BLOCK_CAPTURE_AUTORELEASING = YES;
				CLANG_WARN_BOOL_CONVERSION = YES;
				CLANG_WARN_COMMA = YES;
				CLANG_WARN_CONSTANT_CONVERSION = YES;
				CLANG_WARN_DEPRECATED_OBJC_IMPLEMENTATIONS = YES;
				CLANG_WARN_DIRECT_OBJC_ISA_USAGE = YES_ERROR;
				CLANG_WARN_DOCUMENTATION_COMMENTS = YES;
				CLANG_WARN_EMPTY_BODY = YES;
				CLANG_WARN_ENUM_CONVERSION = YES;
				CLANG_WARN_INFINITE_RECURSION = YES;
				CLANG_WARN_INT_CONVERSION = YES;
				CLANG_WARN_NON_LITERAL_NULL_CONVERSION = YES;
				CLANG_WARN_OBJC_IMPLICIT_RETAIN_SELF = YES;
				CLANG_WARN_OBJC_LITERAL_CONVERSION = YES;
				CLANG_WARN_OBJC_ROOT_CLASS = YES_ERROR;
				CLANG_WARN_QUOTED_INCLUDE_IN_FRAMEWORK_HEADER = YES;
				CLANG_WARN_RANGE_LOOP_ANALYSIS = YES;
				CLANG_WARN_STRICT_PROTOTYPES = YES;
				CLANG_WARN_SUSPICIOUS_MOVE = YES;
				CLANG_WARN_UNGUARDED_AVAILABILITY = YES_AGGRESSIVE;
				CLANG_WARN_UNREACHABLE_CODE = YES;
				CLANG_WARN__DUPLICATE_METHOD_MATCH = YES;
				COPY_PHASE_STRIP = NO;
				DEBUG_INFORMATION_FORMAT = dwarf;
				ENABLE_STRICT_OBJC_MSGSEND = YES;
				ENABLE_TESTABILITY = YES;
				ENABLE_USER_SCRIPT_SANDBOXING = YES;
				GCC_C_LANGUAGE_STANDARD = gnu17;
				GCC_DYNAMIC_NO_PIC = NO;
				GCC_NO_COMMON_BLOCKS = YES;
				GCC_OPTIMIZATION_LEVEL = 0;
				GCC_PREPROCESSOR_DEFINITIONS = (
					"DEBUG=1",
					"$(inherited)",
				);
				GCC_WARN_64_TO_32_BIT_CONVERSION = YES;
				GCC_WARN_ABOUT_RETURN_TYPE = YES_ERROR;
				GCC_WARN_UNDECLARED_SELECTOR = YES;
				GCC_WARN_UNINITIALIZED_AUTOS = YES_AGGRESSIVE;
				GCC_WARN_UNUSED_FUNCTION = YES;
				GCC_WARN_UNUSED_VARIABLE = YES;
				IPHONEOS_DEPLOYMENT_TARGET = 17.5;
				LOCALIZATION_PREFERS_STRING_CATALOGS = YES;
				MTL_ENABLE_DEBUG_INFO = INCLUDE_SOURCE;
				MTL_FAST_MATH = YES;
				ONLY_ACTIVE_ARCH = YES;
				SDKROOT = iphoneos;
				SWIFT_ACTIVE_COMPILATION_CONDITIONS = "DEBUG $(inherited)";
				SWIFT_OPTIMIZATION_LEVEL = "-Onone";
			};
			name = Debug;
		};
		3C2B89392C09F06B0069CCA6 /* Release */ = {
			isa = XCBuildConfiguration;
			baseConfigurationReference = 3CD8399F2C0DD5FE005BC2F0 /* APIKey.xcconfig */;
			buildSettings = {
				ALWAYS_SEARCH_USER_PATHS = NO;
				ASSETCATALOG_COMPILER_GENERATE_SWIFT_ASSET_SYMBOL_EXTENSIONS = YES;
				CLANG_ANALYZER_NONNULL = YES;
				CLANG_ANALYZER_NUMBER_OBJECT_CONVERSION = YES_AGGRESSIVE;
				CLANG_CXX_LANGUAGE_STANDARD = "gnu++20";
				CLANG_ENABLE_MODULES = YES;
				CLANG_ENABLE_OBJC_ARC = YES;
				CLANG_ENABLE_OBJC_WEAK = YES;
				CLANG_WARN_BLOCK_CAPTURE_AUTORELEASING = YES;
				CLANG_WARN_BOOL_CONVERSION = YES;
				CLANG_WARN_COMMA = YES;
				CLANG_WARN_CONSTANT_CONVERSION = YES;
				CLANG_WARN_DEPRECATED_OBJC_IMPLEMENTATIONS = YES;
				CLANG_WARN_DIRECT_OBJC_ISA_USAGE = YES_ERROR;
				CLANG_WARN_DOCUMENTATION_COMMENTS = YES;
				CLANG_WARN_EMPTY_BODY = YES;
				CLANG_WARN_ENUM_CONVERSION = YES;
				CLANG_WARN_INFINITE_RECURSION = YES;
				CLANG_WARN_INT_CONVERSION = YES;
				CLANG_WARN_NON_LITERAL_NULL_CONVERSION = YES;
				CLANG_WARN_OBJC_IMPLICIT_RETAIN_SELF = YES;
				CLANG_WARN_OBJC_LITERAL_CONVERSION = YES;
				CLANG_WARN_OBJC_ROOT_CLASS = YES_ERROR;
				CLANG_WARN_QUOTED_INCLUDE_IN_FRAMEWORK_HEADER = YES;
				CLANG_WARN_RANGE_LOOP_ANALYSIS = YES;
				CLANG_WARN_STRICT_PROTOTYPES = YES;
				CLANG_WARN_SUSPICIOUS_MOVE = YES;
				CLANG_WARN_UNGUARDED_AVAILABILITY = YES_AGGRESSIVE;
				CLANG_WARN_UNREACHABLE_CODE = YES;
				CLANG_WARN__DUPLICATE_METHOD_MATCH = YES;
				COPY_PHASE_STRIP = NO;
				DEBUG_INFORMATION_FORMAT = "dwarf-with-dsym";
				ENABLE_NS_ASSERTIONS = NO;
				ENABLE_STRICT_OBJC_MSGSEND = YES;
				ENABLE_USER_SCRIPT_SANDBOXING = YES;
				GCC_C_LANGUAGE_STANDARD = gnu17;
				GCC_NO_COMMON_BLOCKS = YES;
				GCC_WARN_64_TO_32_BIT_CONVERSION = YES;
				GCC_WARN_ABOUT_RETURN_TYPE = YES_ERROR;
				GCC_WARN_UNDECLARED_SELECTOR = YES;
				GCC_WARN_UNINITIALIZED_AUTOS = YES_AGGRESSIVE;
				GCC_WARN_UNUSED_FUNCTION = YES;
				GCC_WARN_UNUSED_VARIABLE = YES;
				IPHONEOS_DEPLOYMENT_TARGET = 17.5;
				LOCALIZATION_PREFERS_STRING_CATALOGS = YES;
				MTL_ENABLE_DEBUG_INFO = NO;
				MTL_FAST_MATH = YES;
				SDKROOT = iphoneos;
				SWIFT_COMPILATION_MODE = wholemodule;
				VALIDATE_PRODUCT = YES;
			};
			name = Release;
		};
		3C2B893B2C09F06B0069CCA6 /* Debug */ = {
			isa = XCBuildConfiguration;
			buildSettings = {
				ASSETCATALOG_COMPILER_APPICON_NAME = AppIcon;
				ASSETCATALOG_COMPILER_GLOBAL_ACCENT_COLOR_NAME = AccentColor;
				CODE_SIGN_STYLE = Automatic;
				CURRENT_PROJECT_VERSION = 1;
				DEVELOPMENT_ASSET_PATHS = "\"MyGallery/Preview Content\"";
				DEVELOPMENT_TEAM = DX425N2A26;
				ENABLE_PREVIEWS = YES;
				GENERATE_INFOPLIST_FILE = YES;
				INFOPLIST_FILE = MyGallery/Info.plist;
				INFOPLIST_KEY_CFBundleDisplayName = "마이갤러리";
				INFOPLIST_KEY_LSApplicationCategoryType = "public.app-category.utilities";
				INFOPLIST_KEY_UIApplicationSceneManifest_Generation = YES;
				INFOPLIST_KEY_UIApplicationSupportsIndirectInputEvents = YES;
				INFOPLIST_KEY_UILaunchScreen_Generation = YES;
				INFOPLIST_KEY_UISupportedInterfaceOrientations = UIInterfaceOrientationPortrait;
				INFOPLIST_KEY_UISupportedInterfaceOrientations_iPad = "UIInterfaceOrientationLandscapeLeft UIInterfaceOrientationLandscapeRight UIInterfaceOrientationPortrait UIInterfaceOrientationPortraitUpsideDown";
				IPHONEOS_DEPLOYMENT_TARGET = 17.0;
				LD_RUNPATH_SEARCH_PATHS = (
					"$(inherited)",
					"@executable_path/Frameworks",
				);
				MARKETING_VERSION = 1.0;
				PRODUCT_BUNDLE_IDENTIFIER = com.woohyeon.MyGallery;
				PRODUCT_NAME = "$(TARGET_NAME)";
				SUPPORTED_PLATFORMS = "iphoneos iphonesimulator";
				SUPPORTS_MACCATALYST = NO;
				SUPPORTS_MAC_DESIGNED_FOR_IPHONE_IPAD = NO;
				SUPPORTS_XR_DESIGNED_FOR_IPHONE_IPAD = NO;
				SWIFT_EMIT_LOC_STRINGS = YES;
				SWIFT_VERSION = 5.0;
				TARGETED_DEVICE_FAMILY = 1;
			};
			name = Debug;
		};
		3C2B893C2C09F06B0069CCA6 /* Release */ = {
			isa = XCBuildConfiguration;
			buildSettings = {
				ASSETCATALOG_COMPILER_APPICON_NAME = AppIcon;
				ASSETCATALOG_COMPILER_GLOBAL_ACCENT_COLOR_NAME = AccentColor;
				CODE_SIGN_STYLE = Automatic;
				CURRENT_PROJECT_VERSION = 1;
				DEVELOPMENT_ASSET_PATHS = "\"MyGallery/Preview Content\"";
				DEVELOPMENT_TEAM = DX425N2A26;
				ENABLE_PREVIEWS = YES;
				GENERATE_INFOPLIST_FILE = YES;
				INFOPLIST_FILE = MyGallery/Info.plist;
				INFOPLIST_KEY_CFBundleDisplayName = "마이갤러리";
				INFOPLIST_KEY_LSApplicationCategoryType = "public.app-category.utilities";
				INFOPLIST_KEY_UIApplicationSceneManifest_Generation = YES;
				INFOPLIST_KEY_UIApplicationSupportsIndirectInputEvents = YES;
				INFOPLIST_KEY_UILaunchScreen_Generation = YES;
				INFOPLIST_KEY_UISupportedInterfaceOrientations = UIInterfaceOrientationPortrait;
				INFOPLIST_KEY_UISupportedInterfaceOrientations_iPad = "UIInterfaceOrientationLandscapeLeft UIInterfaceOrientationLandscapeRight UIInterfaceOrientationPortrait UIInterfaceOrientationPortraitUpsideDown";
				IPHONEOS_DEPLOYMENT_TARGET = 17.0;
				LD_RUNPATH_SEARCH_PATHS = (
					"$(inherited)",
					"@executable_path/Frameworks",
				);
				MARKETING_VERSION = 1.0;
				PRODUCT_BUNDLE_IDENTIFIER = com.woohyeon.MyGallery;
				PRODUCT_NAME = "$(TARGET_NAME)";
				SUPPORTED_PLATFORMS = "iphoneos iphonesimulator";
				SUPPORTS_MACCATALYST = NO;
				SUPPORTS_MAC_DESIGNED_FOR_IPHONE_IPAD = NO;
				SUPPORTS_XR_DESIGNED_FOR_IPHONE_IPAD = NO;
				SWIFT_EMIT_LOC_STRINGS = YES;
				SWIFT_VERSION = 5.0;
				TARGETED_DEVICE_FAMILY = 1;
			};
			name = Release;
		};
/* End XCBuildConfiguration section */

/* Begin XCConfigurationList section */
		3C2B89272C09F06A0069CCA6 /* Build configuration list for PBXProject "MyGallery" */ = {
			isa = XCConfigurationList;
			buildConfigurations = (
				3C2B89382C09F06B0069CCA6 /* Debug */,
				3C2B89392C09F06B0069CCA6 /* Release */,
			);
			defaultConfigurationIsVisible = 0;
			defaultConfigurationName = Release;
		};
		3C2B893A2C09F06B0069CCA6 /* Build configuration list for PBXNativeTarget "MyGallery" */ = {
			isa = XCConfigurationList;
			buildConfigurations = (
				3C2B893B2C09F06B0069CCA6 /* Debug */,
				3C2B893C2C09F06B0069CCA6 /* Release */,
			);
			defaultConfigurationIsVisible = 0;
			defaultConfigurationName = Release;
		};
/* End XCConfigurationList section */
	};
	rootObject = 3C2B89242C09F06A0069CCA6 /* Project object */;
}
